
Microsoft Visual Studio Solution File, Format Version 12.00
# Visual Studio Version 16
VisualStudioVersion = 16.0.31727.386
MinimumVisualStudioVersion = 10.0.40219.1
Project("{8BC9CEB8-8B4A-11D0-8D11-00A0C91BC942}") = "Applicaiton", "Applicaiton\Applicaiton.vcxproj", "{20AAEEE9-6CAF-4418-87FD-A13E12629BAB}"
EndProject
Global
	GlobalSection(SolutionConfigurationPlatforms) = preSolution
		Debug|x64 = Debug|x64
		Debug|x86 = Debug|x86
		Release|x64 = Release|x64
		Release|x86 = Release|x86
	EndGlobalSection
	GlobalSection(ProjectConfigurationPlatforms) = postSolution
		{20AAEEE9-6CAF-4418-87FD-A13E12629BAB}.Debug|x64.ActiveCfg = Debug|x64
		{20AAEEE9-6CAF-4418-87FD-A13E12629BAB}.Debug|x64.Build.0 = Debug|x64
		{20AAEEE9-6CAF-4418-87FD-A13E12629BAB}.Debug|x86.ActiveCfg = Debug|Win32
		{20AAEEE9-6CAF-4418-87FD-A13E12629BAB}.Debug|x86.Build.0 = Debug|Win32
		{20AAEEE9-6CAF-4418-87FD-A13E12629BAB}.Release|x64.ActiveCfg = Release|x64
		{20AAEEE9-6CAF-4418-87FD-A13E12629BAB}.Release|x64.Build.0 = Release|x64
		{20AAEEE9-6CAF-4418-87FD-A13E12629BAB}.Release|x86.ActiveCfg = Release|Win32
		{20AAEEE9-6CAF-4418-87FD-A13E12629BAB}.Release|x86.Build.0 = Release|Win32
	EndGlobalSection
	GlobalSection(SolutionProperties) = preSolution
		HideSolutionNode = FALSE
	EndGlobalSection
	GlobalSection(ExtensibilityGlobals) = postSolution
		SolutionGuid = {9CD97F33-DEE9-4B2F-BBF6-25540423BD81}
	EndGlobalSection
EndGlobal
